
Microsoft Visual Studio Solution File, Format Version 12.00
# Visual Studio Version 17
VisualStudioVersion = 17.10.35122.118
MinimumVisualStudioVersion = 10.0.40219.1
Project("{FAE04EC0-301F-11D3-BF4B-00C04F79EFBC}") = "PatientAdmissionApp", "PatientAdmissionApp\PatientAdmissionApp.csproj", "{83ABBA99-9E7A-44E1-A81C-97C88E0320CB}"
EndProject
Global
	GlobalSection(SolutionConfigurationPlatforms) = preSolution
		Debug|Any CPU = Debug|Any CPU
		Release|Any CPU = Release|Any CPU
	EndGlobalSection
	GlobalSection(ProjectConfigurationPlatforms) = postSolution
		{83ABBA99-9E7A-44E1-A81C-97C88E0320CB}.Debug|Any CPU.ActiveCfg = Debug|Any CPU
		{83ABBA99-9E7A-44E1-A81C-97C88E0320CB}.Debug|Any CPU.Build.0 = Debug|Any CPU
		{83ABBA99-9E7A-44E1-A81C-97C88E0320CB}.Release|Any CPU.ActiveCfg = Release|Any CPU
		{83ABBA99-9E7A-44E1-A81C-97C88E0320CB}.Release|Any CPU.Build.0 = Release|Any CPU
	EndGlobalSection
	GlobalSection(SolutionProperties) = preSolution
		HideSolutionNode = FALSE
	EndGlobalSection
	GlobalSection(ExtensibilityGlobals) = postSolution
		SolutionGuid = {1438BBD5-2AEC-4A77-9B62-66A828461587}
	EndGlobalSection
EndGlobal
